
Microsoft Visual Studio Solution File, Format Version 12.00
# Visual Studio Version 17
VisualStudioVersion = 17.13.35931.197 d17.13
MinimumVisualStudioVersion = 10.0.40219.1
Project("{FAE04EC0-301F-11D3-BF4B-00C04F79EFBC}") = "Log_generate", "Log_generate.csproj", "{D1CB6873-7633-42A6-A576-4727C55315EB}"
EndProject
Global
	GlobalSection(SolutionConfigurationPlatforms) = preSolution
		Debug|Any CPU = Debug|Any CPU
		Release|Any CPU = Release|Any CPU
	EndGlobalSection
	GlobalSection(ProjectConfigurationPlatforms) = postSolution
		{D1CB6873-7633-42A6-A576-4727C55315EB}.Debug|Any CPU.ActiveCfg = Debug|Any CPU
		{D1CB6873-7633-42A6-A576-4727C55315EB}.Debug|Any CPU.Build.0 = Debug|Any CPU
		{D1CB6873-7633-42A6-A576-4727C55315EB}.Release|Any CPU.ActiveCfg = Release|Any CPU
		{D1CB6873-7633-42A6-A576-4727C55315EB}.Release|Any CPU.Build.0 = Release|Any CPU
	EndGlobalSection
	GlobalSection(SolutionProperties) = preSolution
		HideSolutionNode = FALSE
	EndGlobalSection
	GlobalSection(ExtensibilityGlobals) = postSolution
		SolutionGuid = {C4DE5CED-03FE-4AFD-9830-83F5ED5D98B3}
	EndGlobalSection
EndGlobal
