
Microsoft Visual Studio Solution File, Format Version 12.00
# Visual Studio Version 17
VisualStudioVersion = 17.13.35931.197 d17.13
MinimumVisualStudioVersion = 10.0.40219.1
Project("{FAE04EC0-301F-11D3-BF4B-00C04F79EFBC}") = "Xml_logger", "Xml_logger.csproj", "{810A01D8-DD2E-40B9-BA2D-634D6D1D53E0}"
EndProject
Global
	GlobalSection(SolutionConfigurationPlatforms) = preSolution
		Debug|Any CPU = Debug|Any CPU
		Release|Any CPU = Release|Any CPU
	EndGlobalSection
	GlobalSection(ProjectConfigurationPlatforms) = postSolution
		{810A01D8-DD2E-40B9-BA2D-634D6D1D53E0}.Debug|Any CPU.ActiveCfg = Debug|Any CPU
		{810A01D8-DD2E-40B9-BA2D-634D6D1D53E0}.Debug|Any CPU.Build.0 = Debug|Any CPU
		{810A01D8-DD2E-40B9-BA2D-634D6D1D53E0}.Release|Any CPU.ActiveCfg = Release|Any CPU
		{810A01D8-DD2E-40B9-BA2D-634D6D1D53E0}.Release|Any CPU.Build.0 = Release|Any CPU
	EndGlobalSection
	GlobalSection(SolutionProperties) = preSolution
		HideSolutionNode = FALSE
	EndGlobalSection
	GlobalSection(ExtensibilityGlobals) = postSolution
		SolutionGuid = {8E3605D1-899E-4F60-8C3A-73E5514C2B9C}
	EndGlobalSection
EndGlobal
